PODS:
  - Alamofire (4.5.1)
  - SVProgressHUD (2.2.1)

DEPENDENCIES:
  - Alamofire (~> 4.5)
  - SVProgressHUD

SPEC CHECKSUMS:
  Alamofire: 2d95912bf4c34f164fdfc335872e8c312acaea4a
  SVProgressHUD: db27c54e6e18bc903341661fc9feb55e04905cc4

PODFILE CHECKSUM: 89b293529e58d8f72825e5a5347896dd43ac2f77

COCOAPODS: 1.3.1
